github.com/gorilla/websocket v1.5.3 h1:saDtZ6Pbx/0u+bgYQ3q96pZgCzfhKXGPqt7kZ72aNNg=
github.com/gorilla/websocket v1.5.3/go.mod h1:YR8l580nyteQvAITg2hZ9XVh4b55+EU/adAjf1fMHhE=
github.com/joho/godotenv v1.5.1 h1:7eLL/+HRGLY0ldzfGMeQkb7vMd0as4CfYvUVzLqw0N0=
github.com/joho/godotenv v1.5.1/go.mod h1:f4LDr5Voq0i2e/R5DDNOoa2zzDfwtkZa6DnEwAbqwq4=
github.com/swaggest/go-asyncapi v0.8.0 h1:aze7YL3o/4fkxx9ZL8ubKdyYCqFJy+9+JHpwLyF10H4=
github.com/swaggest/go-asyncapi v0.8.0/go.mod h1:s1urrZuYPcNPJrRUU/kF1eOnIBU02O4JfXCDS09wONI=
github.com/swaggest/jsonschema-go v0.3.39 h1:qX+a/LiK44xppnwUTZqJWNFcICxdWKeT27aFh4RvkEk=
github.com/swaggest/jsonschema-go v0.3.39/go.mod h1:ipIOmoFP64QyRUgyPyU/P9tayq2m2TlvUhyZHrhe3S4=
github.com/swaggest/refl v1.1.0 h1:a+9a75Kv6ciMozPjVbOfcVTEQe81t2R3emvaD9oGQGc=
github.com/swaggest/refl v1.1.0/go.mod h1:g3Qa6ki0A/L2yxiuUpT+cuBURuRaltF5SDQpg1kMZSY=
github.com/telemachus/humane v0.6.1 h1:mYBnsuLNKPcz02YA5MsFb7XdVViPKpQQQCBFQGSUh2U=
github.com/telemachus/humane v0.6.1/go.mod h1:T2XzA97m+JPk/WDe9VHamk/JOArXlOy4jlIGDKte3ic=
gopkg.in/check.v1 v0.0.0-20161208181325-20d25e280405/go.mod h1:Co6ibVJAznAaIkqp8huTwlJQCZ016jof/cbN4VW5Yz0=
gopkg.in/yaml.v2 v2.4.0 h1:D8xgwECY7CYvx+Y2n4sBz93Jn9JRvxdiyyo8CTfuKaY=
gopkg.in/yaml.v2 v2.4.0/go.mod h1:RDklbk79AGWmwhnvt/jBztapEOGDOx6ZbXqjP6csGnQ=
