github.com/danielgtaylor/huma/v2 v2.38.0 h1:fb0WZCatnaiHLphMQDDWDjygNxfMkX/ENma3QsRl7vY=
github.com/danielgtaylor/huma/v2 v2.38.0/go.mod h1:k9hwjlgWFt1t2jsmQGlsgXAG2FBTZa4kkjV581qAtfo=
github.com/go-chi/chi/v5 v5.2.5 h1:Eg4myHZBjyvJmAFjFvWgrqDTXFyOzjj7YIm3L3mu6Ug=
github.com/go-chi/chi/v5 v5.2.5/go.mod h1:X7Gx4mteadT3eDOMTsXzmI4/rwUpOwBHLpAfupzFJP0=
github.com/go-chi/cors v1.2.2 h1:Jmey33TE+b+rB7fT8MUy1u0I4L+NARQlK6LhzKPSyQE=
github.com/go-chi/cors v1.2.2/go.mod h1:sSbTewc+6wYHBBCW7ytsFSn836hqM7JxpglAy2Vzc58=
github.com/telemachus/humane v0.6.1 h1:mYBnsuLNKPcz02YA5MsFb7XdVViPKpQQQCBFQGSUh2U=
github.com/telemachus/humane v0.6.1/go.mod h1:T2XzA97m+JPk/WDe9VHamk/JOArXlOy4jlIGDKte3ic=
